
Microsoft Visual Studio Solution File, Format Version 12.00
# Visual Studio Version 17
VisualStudioVersion = 17.3.32929.385
MinimumVisualStudioVersion = 10.0.40219.1
Project("{9A19103F-16F7-4668-BE54-9A1E7A4F7556}") = "DeskBooker.Core.Tests", "DeskBooker.Core.Tests\DeskBooker.Core.Tests.csproj", "{D8C53B3A-815F-4481-896B-3D0A02400772}"
EndProject
Project("{FAE04EC0-301F-11D3-BF4B-00C04F79EFBC}") = "DeskBooker.Core", "DeskBooker.Core\DeskBooker.Core.csproj", "{E1164AAE-3427-496C-9EC7-DF07A164C7CE}"
EndProject
Global
	GlobalSection(SolutionConfigurationPlatforms) = preSolution
		Debug|Any CPU = Debug|Any CPU
		Release|Any CPU = Release|Any CPU
	EndGlobalSection
	GlobalSection(ProjectConfigurationPlatforms) = postSolution
		{D8C53B3A-815F-4481-896B-3D0A02400772}.Debug|Any CPU.ActiveCfg = Debug|Any CPU
		{D8C53B3A-815F-4481-896B-3D0A02400772}.Debug|Any CPU.Build.0 = Debug|Any CPU
		{D8C53B3A-815F-4481-896B-3D0A02400772}.Release|Any CPU.ActiveCfg = Release|Any CPU
		{D8C53B3A-815F-4481-896B-3D0A02400772}.Release|Any CPU.Build.0 = Release|Any CPU
		{E1164AAE-3427-496C-9EC7-DF07A164C7CE}.Debug|Any CPU.ActiveCfg = Debug|Any CPU
		{E1164AAE-3427-496C-9EC7-DF07A164C7CE}.Debug|Any CPU.Build.0 = Debug|Any CPU
		{E1164AAE-3427-496C-9EC7-DF07A164C7CE}.Release|Any CPU.ActiveCfg = Release|Any CPU
		{E1164AAE-3427-496C-9EC7-DF07A164C7CE}.Release|Any CPU.Build.0 = Release|Any CPU
	EndGlobalSection
	GlobalSection(SolutionProperties) = preSolution
		HideSolutionNode = FALSE
	EndGlobalSection
	GlobalSection(ExtensibilityGlobals) = postSolution
		SolutionGuid = {AE78B3CD-D7EF-4773-BA4E-70A5B0AEC813}
	EndGlobalSection
EndGlobal
